
Microsoft Visual Studio Solution File, Format Version 12.00
# Visual Studio Version 16
VisualStudioVersion = 16.0.30204.135
MinimumVisualStudioVersion = 10.0.40219.1
Project("{8BC9CEB8-8B4A-11D0-8D11-00A0C91BC942}") = "search_server", "search_server\search_server.vcxproj", "{DEC44D08-7936-4FD8-B247-53FC6EC371D4}"
EndProject
Global
	GlobalSection(SolutionConfigurationPlatforms) = preSolution
		Debug|x64 = Debug|x64
		Debug|x86 = Debug|x86
		Release|x64 = Release|x64
		Release|x86 = Release|x86
	EndGlobalSection
	GlobalSection(ProjectConfigurationPlatforms) = postSolution
		{DEC44D08-7936-4FD8-B247-53FC6EC371D4}.Debug|x64.ActiveCfg = Debug|x64
		{DEC44D08-7936-4FD8-B247-53FC6EC371D4}.Debug|x64.Build.0 = Debug|x64
		{DEC44D08-7936-4FD8-B247-53FC6EC371D4}.Debug|x86.ActiveCfg = Debug|Win32
		{DEC44D08-7936-4FD8-B247-53FC6EC371D4}.Debug|x86.Build.0 = Debug|Win32
		{DEC44D08-7936-4FD8-B247-53FC6EC371D4}.Release|x64.ActiveCfg = Release|x64
		{DEC44D08-7936-4FD8-B247-53FC6EC371D4}.Release|x64.Build.0 = Release|x64
		{DEC44D08-7936-4FD8-B247-53FC6EC371D4}.Release|x86.ActiveCfg = Release|Win32
		{DEC44D08-7936-4FD8-B247-53FC6EC371D4}.Release|x86.Build.0 = Release|Win32
	EndGlobalSection
	GlobalSection(SolutionProperties) = preSolution
		HideSolutionNode = FALSE
	EndGlobalSection
	GlobalSection(ExtensibilityGlobals) = postSolution
		SolutionGuid = {2285C6C4-1E63-4B19-8C4C-A917ACE300FB}
	EndGlobalSection
EndGlobal
